
Microsoft Visual Studio Solution File, Format Version 12.00
# Visual Studio Version 17
VisualStudioVersion = 17.3.32922.545
MinimumVisualStudioVersion = 10.0.40219.1
Project("{FAE04EC0-301F-11D3-BF4B-00C04F79EFBC}") = "GeradorDeDeclaracao", "GeradorDeDeclaracao\GeradorDeDeclaracao.csproj", "{7902FC60-0EE8-4706-A087-957F68AA1AB1}"
EndProject
Project("{2150E333-8FDC-42A3-9474-1A3956D46DE8}") = "Model", "Model", "{042903C2-A257-4994-A9C0-B90E795085F7}"
EndProject
Project("{2150E333-8FDC-42A3-9474-1A3956D46DE8}") = "View", "View", "{7683C6BE-CAEC-4465-87C8-B8DD35B37BFB}"
EndProject
Project("{2150E333-8FDC-42A3-9474-1A3956D46DE8}") = "Controler", "Controler", "{C4D9C3D7-B58B-48D5-AA54-7A0ACE84137D}"
EndProject
Project("{2150E333-8FDC-42A3-9474-1A3956D46DE8}") = "DAO", "DAO", "{0EDCC481-33AF-4DA8-A70F-22EA97EEAE3E}"
EndProject
Project("{FAE04EC0-301F-11D3-BF4B-00C04F79EFBC}") = "Controller", "Controller\Controller.csproj", "{FEB90D0D-229F-4ED6-8A24-5E0C94BA3EAC}"
EndProject
Project("{FAE04EC0-301F-11D3-BF4B-00C04F79EFBC}") = "Dao", "Dao\Dao.csproj", "{3E76AC82-8A82-48A1-827D-559891CCDA83}"
EndProject
Project("{FAE04EC0-301F-11D3-BF4B-00C04F79EFBC}") = "Model", "Model\Model.csproj", "{ADFE547A-69BF-4100-ABF4-75D87FA94FF6}"
EndProject
Global
	GlobalSection(SolutionConfigurationPlatforms) = preSolution
		Debug|Any CPU = Debug|Any CPU
		Release|Any CPU = Release|Any CPU
	EndGlobalSection
	GlobalSection(ProjectConfigurationPlatforms) = postSolution
		{7902FC60-0EE8-4706-A087-957F68AA1AB1}.Debug|Any CPU.ActiveCfg = Debug|Any CPU
		{7902FC60-0EE8-4706-A087-957F68AA1AB1}.Debug|Any CPU.Build.0 = Debug|Any CPU
		{7902FC60-0EE8-4706-A087-957F68AA1AB1}.Release|Any CPU.ActiveCfg = Release|Any CPU
		{7902FC60-0EE8-4706-A087-957F68AA1AB1}.Release|Any CPU.Build.0 = Release|Any CPU
		{FEB90D0D-229F-4ED6-8A24-5E0C94BA3EAC}.Debug|Any CPU.ActiveCfg = Debug|Any CPU
		{FEB90D0D-229F-4ED6-8A24-5E0C94BA3EAC}.Debug|Any CPU.Build.0 = Debug|Any CPU
		{FEB90D0D-229F-4ED6-8A24-5E0C94BA3EAC}.Release|Any CPU.ActiveCfg = Release|Any CPU
		{FEB90D0D-229F-4ED6-8A24-5E0C94BA3EAC}.Release|Any CPU.Build.0 = Release|Any CPU
		{3E76AC82-8A82-48A1-827D-559891CCDA83}.Debug|Any CPU.ActiveCfg = Debug|Any CPU
		{3E76AC82-8A82-48A1-827D-559891CCDA83}.Debug|Any CPU.Build.0 = Debug|Any CPU
		{3E76AC82-8A82-48A1-827D-559891CCDA83}.Release|Any CPU.ActiveCfg = Release|Any CPU
		{3E76AC82-8A82-48A1-827D-559891CCDA83}.Release|Any CPU.Build.0 = Release|Any CPU
		{ADFE547A-69BF-4100-ABF4-75D87FA94FF6}.Debug|Any CPU.ActiveCfg = Debug|Any CPU
		{ADFE547A-69BF-4100-ABF4-75D87FA94FF6}.Debug|Any CPU.Build.0 = Debug|Any CPU
		{ADFE547A-69BF-4100-ABF4-75D87FA94FF6}.Release|Any CPU.ActiveCfg = Release|Any CPU
		{ADFE547A-69BF-4100-ABF4-75D87FA94FF6}.Release|Any CPU.Build.0 = Release|Any CPU
	EndGlobalSection
	GlobalSection(SolutionProperties) = preSolution
		HideSolutionNode = FALSE
	EndGlobalSection
	GlobalSection(NestedProjects) = preSolution
		{7902FC60-0EE8-4706-A087-957F68AA1AB1} = {7683C6BE-CAEC-4465-87C8-B8DD35B37BFB}
		{FEB90D0D-229F-4ED6-8A24-5E0C94BA3EAC} = {C4D9C3D7-B58B-48D5-AA54-7A0ACE84137D}
		{3E76AC82-8A82-48A1-827D-559891CCDA83} = {0EDCC481-33AF-4DA8-A70F-22EA97EEAE3E}
		{ADFE547A-69BF-4100-ABF4-75D87FA94FF6} = {042903C2-A257-4994-A9C0-B90E795085F7}
	EndGlobalSection
	GlobalSection(ExtensibilityGlobals) = postSolution
		SolutionGuid = {39F58A10-4088-434D-9219-F5DE21219EF8}
	EndGlobalSection
EndGlobal
