
Microsoft Visual Studio Solution File, Format Version 12.00
# Visual Studio Version 17
VisualStudioVersion = 17.3.32922.545
MinimumVisualStudioVersion = 10.0.40219.1
Project("{FAE04EC0-301F-11D3-BF4B-00C04F79EFBC}") = "GeradorDeDeclaracao", "GeradorDeDeclaracao\GeradorDeDeclaracao.csproj", "{7902FC60-0EE8-4706-A087-957F68AA1AB1}"
EndProject
Project("{2150E333-8FDC-42A3-9474-1A3956D46DE8}") = "Model", "Model", "{042903C2-A257-4994-A9C0-B90E795085F7}"
EndProject
Project("{2150E333-8FDC-42A3-9474-1A3956D46DE8}") = "View", "View", "{7683C6BE-CAEC-4465-87C8-B8DD35B37BFB}"
EndProject
Project("{2150E333-8FDC-42A3-9474-1A3956D46DE8}") = "Controler", "Controler", "{C4D9C3D7-B58B-48D5-AA54-7A0ACE84137D}"
EndProject
Project("{2150E333-8FDC-42A3-9474-1A3956D46DE8}") = "DAO", "DAO", "{0EDCC481-33AF-4DA8-A70F-22EA97EEAE3E}"
EndProject
Project("{FAE04EC0-301F-11D3-BF4B-00C04F79EFBC}") = "FuncionarioDAO", "FuncionarioDAO\FuncionarioDAO.csproj", "{CF68212B-271A-4D4C-9052-D49009AB4599}"
EndProject
Project("{FAE04EC0-301F-11D3-BF4B-00C04F79EFBC}") = "Funcionario", "Funcionario\Funcionario.csproj", "{FD01873D-101F-4092-B6E4-6E6CEB2021A3}"
EndProject
Project("{FAE04EC0-301F-11D3-BF4B-00C04F79EFBC}") = "Controlador", "Controlador\Controlador.csproj", "{DA1FE635-9E22-4BBA-8950-8957B5751335}"
EndProject
Project("{FAE04EC0-301F-11D3-BF4B-00C04F79EFBC}") = "controladorDeclaracao", "controladorDeclaracao\controladorDeclaracao.csproj", "{4004E588-A108-43EE-BEA7-6E1A14867962}"
EndProject
Global
	GlobalSection(SolutionConfigurationPlatforms) = preSolution
		Debug|Any CPU = Debug|Any CPU
		Release|Any CPU = Release|Any CPU
	EndGlobalSection
	GlobalSection(ProjectConfigurationPlatforms) = postSolution
		{7902FC60-0EE8-4706-A087-957F68AA1AB1}.Debug|Any CPU.ActiveCfg = Debug|Any CPU
		{7902FC60-0EE8-4706-A087-957F68AA1AB1}.Debug|Any CPU.Build.0 = Debug|Any CPU
		{7902FC60-0EE8-4706-A087-957F68AA1AB1}.Release|Any CPU.ActiveCfg = Release|Any CPU
		{7902FC60-0EE8-4706-A087-957F68AA1AB1}.Release|Any CPU.Build.0 = Release|Any CPU
		{CF68212B-271A-4D4C-9052-D49009AB4599}.Debug|Any CPU.ActiveCfg = Debug|Any CPU
		{CF68212B-271A-4D4C-9052-D49009AB4599}.Debug|Any CPU.Build.0 = Debug|Any CPU
		{CF68212B-271A-4D4C-9052-D49009AB4599}.Release|Any CPU.ActiveCfg = Release|Any CPU
		{CF68212B-271A-4D4C-9052-D49009AB4599}.Release|Any CPU.Build.0 = Release|Any CPU
		{FD01873D-101F-4092-B6E4-6E6CEB2021A3}.Debug|Any CPU.ActiveCfg = Debug|Any CPU
		{FD01873D-101F-4092-B6E4-6E6CEB2021A3}.Debug|Any CPU.Build.0 = Debug|Any CPU
		{FD01873D-101F-4092-B6E4-6E6CEB2021A3}.Release|Any CPU.ActiveCfg = Release|Any CPU
		{FD01873D-101F-4092-B6E4-6E6CEB2021A3}.Release|Any CPU.Build.0 = Release|Any CPU
		{DA1FE635-9E22-4BBA-8950-8957B5751335}.Debug|Any CPU.ActiveCfg = Debug|Any CPU
		{DA1FE635-9E22-4BBA-8950-8957B5751335}.Debug|Any CPU.Build.0 = Debug|Any CPU
		{DA1FE635-9E22-4BBA-8950-8957B5751335}.Release|Any CPU.ActiveCfg = Release|Any CPU
		{DA1FE635-9E22-4BBA-8950-8957B5751335}.Release|Any CPU.Build.0 = Release|Any CPU
		{4004E588-A108-43EE-BEA7-6E1A14867962}.Debug|Any CPU.ActiveCfg = Debug|Any CPU
		{4004E588-A108-43EE-BEA7-6E1A14867962}.Debug|Any CPU.Build.0 = Debug|Any CPU
		{4004E588-A108-43EE-BEA7-6E1A14867962}.Release|Any CPU.ActiveCfg = Release|Any CPU
		{4004E588-A108-43EE-BEA7-6E1A14867962}.Release|Any CPU.Build.0 = Release|Any CPU
	EndGlobalSection
	GlobalSection(SolutionProperties) = preSolution
		HideSolutionNode = FALSE
	EndGlobalSection
	GlobalSection(NestedProjects) = preSolution
		{7902FC60-0EE8-4706-A087-957F68AA1AB1} = {7683C6BE-CAEC-4465-87C8-B8DD35B37BFB}
		{CF68212B-271A-4D4C-9052-D49009AB4599} = {0EDCC481-33AF-4DA8-A70F-22EA97EEAE3E}
		{FD01873D-101F-4092-B6E4-6E6CEB2021A3} = {042903C2-A257-4994-A9C0-B90E795085F7}
		{DA1FE635-9E22-4BBA-8950-8957B5751335} = {C4D9C3D7-B58B-48D5-AA54-7A0ACE84137D}
		{4004E588-A108-43EE-BEA7-6E1A14867962} = {C4D9C3D7-B58B-48D5-AA54-7A0ACE84137D}
	EndGlobalSection
	GlobalSection(ExtensibilityGlobals) = postSolution
		SolutionGuid = {39F58A10-4088-434D-9219-F5DE21219EF8}
	EndGlobalSection
EndGlobal
